// !$*UTF8*$!
{
	archiveVersion = 1;
	classes = {
	};
	objectVersion = 46;
	objects = {

/* Begin PBXBuildFile section */
		7BD15B7B1C1156C000462012 /* AppDelegate.swift in Sources */ = {isa = PBXBuildFile; fileRef = 7BD15B7A1C1156C000462012 /* AppDelegate.swift */; };
		7BD15B7D1C1156C000462012 /* ViewController.swift in Sources */ = {isa = PBXBuildFile; fileRef = 7BD15B7C1C1156C000462012 /* ViewController.swift */; };
		7BD15B801C1156C000462012 /* Main.storyboard in Resources */ = {isa = PBXBuildFile; fileRef = 7BD15B7E1C1156C000462012 /* Main.storyboard */; };
		7BD15B821C1156C000462012 /* Assets.xcassets in Resources */ = {isa = PBXBuildFile; fileRef = 7BD15B811C1156C000462012 /* Assets.xcassets */; };
		7BD15B851C1156C000462012 /* LaunchScreen.storyboard in Resources */ = {isa = PBXBuildFile; fileRef = 7BD15B831C1156C000462012 /* LaunchScreen.storyboard */; };
		7BD15B901C1156C100462012 /* WRSliderMemuDemoTests.swift in Sources */ = {isa = PBXBuildFile; fileRef = 7BD15B8F1C1156C100462012 /* WRSliderMemuDemoTests.swift */; };
		7BD15B9B1C1156C100462012 /* WRSliderMemuDemoUITests.swift in Sources */ = {isa = PBXBuildFile; fileRef = 7BD15B9A1C1156C100462012 /* WRSliderMemuDemoUITests.swift */; };
		7BD15BAA1C1156CF00462012 /* WRSliderMemu.swift in Sources */ = {isa = PBXBuildFile; fileRef = 7BD15BA91C1156CF00462012 /* WRSliderMemu.swift */; };
/* End PBXBuildFile section */

/* Begin PBXContainerItemProxy section */
		7BD15B8C1C1156C100462012 /* PBXContainerItemProxy */ = {
			isa = PBXContainerItemProxy;
			containerPortal = 7BD15B6F1C1156C000462012 /* Project object */;
			proxyType = 1;
			remoteGlobalIDString = 7BD15B761C1156C000462012;
			remoteInfo = WRSliderMemuDemo;
		};
		7BD15B971C1156C100462012 /* PBXContainerItemProxy */ = {
			isa = PBXContainerItemProxy;
			containerPortal = 7BD15B6F1C1156C000462012 /* Project object */;
			proxyType = 1;
			remoteGlobalIDString = 7BD15B761C1156C000462012;
			remoteInfo = WRSliderMemuDemo;
		};
/* End PBXContainerItemProxy section */

/* Begin PBXFileReference section */
		7BD15B771C1156C000462012 /* WRSliderMemuDemo.app */ = {isa = PBXFileReference; explicitFileType = wrapper.application; includeInIndex = 0; path = WRSliderMemuDemo.app; sourceTree = BUILT_PRODUCTS_DIR; };
		7BD15B7A1C1156C000462012 /* AppDelegate.swift */ = {isa = PBXFileReference; lastKnownFileType = sourcecode.swift; path = AppDelegate.swift; sourceTree = "<group>"; };
		7BD15B7C1C1156C000462012 /* ViewController.swift */ = {isa = PBXFileReference; lastKnownFileType = sourcecode.swift; path = ViewController.swift; sourceTree = "<group>"; };
		7BD15B7F1C1156C000462012 /* Base */ = {isa = PBXFileReference; lastKnownFileType = file.storyboard; name = Base; path = Base.lproj/Main.storyboard; sourceTree = "<group>"; };
		7BD15B811C1156C000462012 /* Assets.xcassets */ = {isa = PBXFileReference; lastKnownFileType = folder.assetcatalog; path = Assets.xcassets; sourceTree = "<group>"; };
		7BD15B841C1156C000462012 /* Base */ = {isa = PBXFileReference; lastKnownFileType = file.storyboard; name = Base; path = Base.lproj/LaunchScreen.storyboard; sourceTree = "<group>"; };
		7BD15B861C1156C000462012 /* Info.plist */ = {isa = PBXFileReference; lastKnownFileType = text.plist.xml; path = Info.plist; sourceTree = "<group>"; };
		7BD15B8B1C1156C100462012 /* WRSliderMemuDemoTests.xctest */ = {isa = PBXFileReference; explicitFileType = wrapper.cfbundle; includeInIndex = 0; path = WRSliderMemuDemoTests.xctest; sourceTree = BUILT_PRODUCTS_DIR; };
		7BD15B8F1C1156C100462012 /* WRSliderMemuDemoTests.swift */ = {isa = PBXFileReference; lastKnownFileType = sourcecode.swift; path = WRSliderMemuDemoTests.swift; sourceTree = "<group>"; };
		7BD15B911C1156C100462012 /* Info.plist */ = {isa = PBXFileReference; lastKnownFileType = text.plist.xml; path = Info.plist; sourceTree = "<group>"; };
		7BD15B961C1156C100462012 /* WRSliderMemuDemoUITests.xctest */ = {isa = PBXFileReference; explicitFileType = wrapper.cfbundle; includeInIndex = 0; path = WRSliderMemuDemoUITests.xctest; sourceTree = BUILT_PRODUCTS_DIR; };
		7BD15B9A1C1156C100462012 /* WRSliderMemuDemoUITests.swift */ = {isa = PBXFileReference; lastKnownFileType = sourcecode.swift; path = WRSliderMemuDemoUITests.swift; sourceTree = "<group>"; };
		7BD15B9C1C1156C100462012 /* Info.plist */ = {isa = PBXFileReference; lastKnownFileType = text.plist.xml; path = Info.plist; sourceTree = "<group>"; };
		7BD15BA91C1156CF00462012 /* WRSliderMemu.swift */ = {isa = PBXFileReference; fileEncoding = 4; lastKnownFileType = sourcecode.swift; path = WRSliderMemu.swift; sourceTree = "<group>"; };
/* End PBXFileReference section */

/* Begin PBXFrameworksBuildPhase section */
		7BD15B741C1156C000462012 /* Frameworks */ = {
			isa = PBXFrameworksBuildPhase;
			buildActionMask = 2147483647;
			files = (
			);
			runOnlyForDeploymentPostprocessing = 0;
		};
		7BD15B881C1156C100462012 /* Frameworks */ = {
			isa = PBXFrameworksBuildPhase;
			buildActionMask = 2147483647;
			files = (
			);
			runOnlyForDeploymentPostprocessing = 0;
		};
		7BD15B931C1156C100462012 /* Frameworks */ = {
			isa = PBXFrameworksBuildPhase;
			buildActionMask = 2147483647;
			files = (
			);
			runOnlyForDeploymentPostprocessing = 0;
		};
/* End PBXFrameworksBuildPhase section */

/* Begin PBXGroup section */
		7BD15B6E1C1156C000462012 = {
			isa = PBXGroup;
			children = (
				7BD15B791C1156C000462012 /* WRSliderMemuDemo */,
				7BD15B8E1C1156C100462012 /* WRSliderMemuDemoTests */,
				7BD15B991C1156C100462012 /* WRSliderMemuDemoUITests */,
				7BD15B781C1156C000462012 /* Products */,
			);
			sourceTree = "<group>";
		};
		7BD15B781C1156C000462012 /* Products */ = {
			isa = PBXGroup;
			children = (
				7BD15B771C1156C000462012 /* WRSliderMemuDemo.app */,
				7BD15B8B1C1156C100462012 /* WRSliderMemuDemoTests.xctest */,
				7BD15B961C1156C100462012 /* WRSliderMemuDemoUITests.xctest */,
			);
			name = Products;
			sourceTree = "<group>";
		};
		7BD15B791C1156C000462012 /* WRSliderMemuDemo */ = {
			isa = PBXGroup;
			children = (
				7BD15BA81C1156CF00462012 /* classs */,
				7BD15B7A1C1156C000462012 /* AppDelegate.swift */,
				7BD15B7C1C1156C000462012 /* ViewController.swift */,
				7BD15B7E1C1156C000462012 /* Main.storyboard */,
				7BD15B811C1156C000462012 /* Assets.xcassets */,
				7BD15B831C1156C000462012 /* LaunchScreen.storyboard */,
				7BD15B861C1156C000462012 /* Info.plist */,
			);
			path = WRSliderMemuDemo;
			sourceTree = "<group>";
		};
		7BD15B8E1C1156C100462012 /* WRSliderMemuDemoTests */ = {
			isa = PBXGroup;
			children = (
				7BD15B8F1C1156C100462012 /* WRSliderMemuDemoTests.swift */,
				7BD15B911C1156C100462012 /* Info.plist */,
			);
			path = WRSliderMemuDemoTests;
			sourceTree = "<group>";
		};
		7BD15B991C1156C100462012 /* WRSliderMemuDemoUITests */ = {
			isa = PBXGroup;
			children = (
				7BD15B9A1C1156C100462012 /* WRSliderMemuDemoUITests.swift */,
				7BD15B9C1C1156C100462012 /* Info.plist */,
			);
			path = WRSliderMemuDemoUITests;
			sourceTree = "<group>";
		};
		7BD15BA81C1156CF00462012 /* classs */ = {
			isa = PBXGroup;
			children = (
				7BD15BA91C1156CF00462012 /* WRSliderMemu.swift */,
			);
			name = classs;
			path = ../../classs;
			sourceTree = "<group>";
		};
/* End PBXGroup section */

/* Begin PBXNativeTarget section */
		7BD15B761C1156C000462012 /* WRSliderMemuDemo */ = {
			isa = PBXNativeTarget;
			buildConfigurationList = 7BD15B9F1C1156C100462012 /* Build configuration list for PBXNativeTarget "WRSliderMemuDemo" */;
			buildPhases = (
				7BD15B731C1156C000462012 /* Sources */,
				7BD15B741C1156C000462012 /* Frameworks */,
				7BD15B751C1156C000462012 /* Resources */,
			);
			buildRules = (
			);
			dependencies = (
			);
			name = WRSliderMemuDemo;
			productName = WRSliderMemuDemo;
			productReference = 7BD15B771C1156C000462012 /* WRSliderMemuDemo.app */;
			productType = "com.apple.product-type.application";
		};
		7BD15B8A1C1156C100462012 /* WRSliderMemuDemoTests */ = {
			isa = PBXNativeTarget;
			buildConfigurationList = 7BD15BA21C1156C100462012 /* Build configuration list for PBXNativeTarget "WRSliderMemuDemoTests" */;
			buildPhases = (
				7BD15B871C1156C100462012 /* Sources */,
				7BD15B881C1156C100462012 /* Frameworks */,
				7BD15B891C1156C100462012 /* Resources */,
			);
			buildRules = (
			);
			dependencies = (
				7BD15B8D1C1156C100462012 /* PBXTargetDependency */,
			);
			name = WRSliderMemuDemoTests;
			productName = WRSliderMemuDemoTests;
			productReference = 7BD15B8B1C1156C100462012 /* WRSliderMemuDemoTests.xctest */;
			productType = "com.apple.product-type.bundle.unit-test";
		};
		7BD15B951C1156C100462012 /* WRSliderMemuDemoUITests */ = {
			isa = PBXNativeTarget;
			buildConfigurationList = 7BD15BA51C1156C100462012 /* Build configuration list for PBXNativeTarget "WRSliderMemuDemoUITests" */;
			buildPhases = (
				7BD15B921C1156C100462012 /* Sources */,
				7BD15B931C1156C100462012 /* Frameworks */,
				7BD15B941C1156C100462012 /* Resources */,
			);
			buildRules = (
			);
			dependencies = (
				7BD15B981C1156C100462012 /* PBXTargetDependency */,
			);
			name = WRSliderMemuDemoUITests;
			productName = WRSliderMemuDemoUITests;
			productReference = 7BD15B961C1156C100462012 /* WRSliderMemuDemoUITests.xctest */;
			productType = "com.apple.product-type.bundle.ui-testing";
		};
/* End PBXNativeTarget section */

/* Begin PBXProject section */
		7BD15B6F1C1156C000462012 /* Project object */ = {
			isa = PBXProject;
			attributes = {
				LastSwiftUpdateCheck = 0710;
				LastUpgradeCheck = 0710;
				ORGANIZATIONNAME = wbg;
				TargetAttributes = {
					7BD15B761C1156C000462012 = {
						CreatedOnToolsVersion = 7.1.1;
						DevelopmentTeam = DJ4VS497K4;
					};
					7BD15B8A1C1156C100462012 = {
						CreatedOnToolsVersion = 7.1.1;
						DevelopmentTeam = DJ4VS497K4;
						TestTargetID = 7BD15B761C1156C000462012;
					};
					7BD15B951C1156C100462012 = {
						CreatedOnToolsVersion = 7.1.1;
						DevelopmentTeam = DJ4VS497K4;
						TestTargetID = 7BD15B761C1156C000462012;
					};
				};
			};
			buildConfigurationList = 7BD15B721C1156C000462012 /* Build configuration list for PBXProject "WRSliderMemuDemo" */;
			compatibilityVersion = "Xcode 3.2";
			developmentRegion = English;
			hasScannedForEncodings = 0;
			knownRegions = (
				en,
				Base,
			);
			mainGroup = 7BD15B6E1C1156C000462012;
			productRefGroup = 7BD15B781C1156C000462012 /* Products */;
			projectDirPath = "";
			projectRoot = "";
			targets = (
				7BD15B761C1156C000462012 /* WRSliderMemuDemo */,
				7BD15B8A1C1156C100462012 /* WRSliderMemuDemoTests */,
				7BD15B951C1156C100462012 /* WRSliderMemuDemoUITests */,
			);
		};
/* End PBXProject section */

/* Begin PBXResourcesBuildPhase section */
		7BD15B751C1156C000462012 /* Resources */ = {
			isa = PBXResourcesBuildPhase;
			buildActionMask = 2147483647;
			files = (
				7BD15B851C1156C000462012 /* LaunchScreen.storyboard in Resources */,
				7BD15B821C1156C000462012 /* Assets.xcassets in Resources */,
				7BD15B801C1156C000462012 /* Main.storyboard in Resources */,
			);
			runOnlyForDeploymentPostprocessing = 0;
		};
		7BD15B891C1156C100462012 /* Resources */ = {
			isa = PBXResourcesBuildPhase;
			buildActionMask = 2147483647;
			files = (
			);
			runOnlyForDeploymentPostprocessing = 0;
		};
		7BD15B941C1156C100462012 /* Resources */ = {
			isa = PBXResourcesBuildPhase;
			buildActionMask = 2147483647;
			files = (
			);
			runOnlyForDeploymentPostprocessing = 0;
		};
/* End PBXResourcesBuildPhase section */

/* Begin PBXSourcesBuildPhase section */
		7BD15B731C1156C000462012 /* Sources */ = {
			isa = PBXSourcesBuildPhase;
			buildActionMask = 2147483647;
			files = (
				7BD15B7D1C1156C000462012 /* ViewController.swift in Sources */,
				7BD15BAA1C1156CF00462012 /* WRSliderMemu.swift in Sources */,
				7BD15B7B1C1156C000462012 /* AppDelegate.swift in Sources */,
			);
			runOnlyForDeploymentPostprocessing = 0;
		};
		7BD15B871C1156C100462012 /* Sources */ = {
			isa = PBXSourcesBuildPhase;
			buildActionMask = 2147483647;
			files = (
				7BD15B901C1156C100462012 /* WRSliderMemuDemoTests.swift in Sources */,
			);
			runOnlyForDeploymentPostprocessing = 0;
		};
		7BD15B921C1156C100462012 /* Sources */ = {
			isa = PBXSourcesBuildPhase;
			buildActionMask = 2147483647;
			files = (
				7BD15B9B1C1156C100462012 /* WRSliderMemuDemoUITests.swift in Sources */,
			);
			runOnlyForDeploymentPostprocessing = 0;
		};
/* End PBXSourcesBuildPhase section */

/* Begin PBXTargetDependency section */
		7BD15B8D1C1156C100462012 /* PBXTargetDependency */ = {
			isa = PBXTargetDependency;
			target = 7BD15B761C1156C000462012 /* WRSliderMemuDemo */;
			targetProxy = 7BD15B8C1C1156C100462012 /* PBXContainerItemProxy */;
		};
		7BD15B981C1156C100462012 /* PBXTargetDependency */ = {
			isa = PBXTargetDependency;
			target = 7BD15B761C1156C000462012 /* WRSliderMemuDemo */;
			targetProxy = 7BD15B971C1156C100462012 /* PBXContainerItemProxy */;
		};
/* End PBXTargetDependency section */

/* Begin PBXVariantGroup section */
		7BD15B7E1C1156C000462012 /* Main.storyboard */ = {
			isa = PBXVariantGroup;
			children = (
				7BD15B7F1C1156C000462012 /* Base */,
			);
			name = Main.storyboard;
			sourceTree = "<group>";
		};
		7BD15B831C1156C000462012 /* LaunchScreen.storyboard */ = {
			isa = PBXVariantGroup;
			children = (
				7BD15B841C1156C000462012 /* Base */,
			);
			name = LaunchScreen.storyboard;
			sourceTree = "<group>";
		};
/* End PBXVariantGroup section */

/* Begin XCBuildConfiguration section */
		7BD15B9D1C1156C100462012 /* Debug */ = {
			isa = XCBuildConfiguration;
			buildSettings = {
				ALWAYS_SEARCH_USER_PATHS = NO;
				CLANG_CXX_LANGUAGE_STANDARD = "gnu++0x";
				CLANG_CXX_LIBRARY = "libc++";
				CLANG_ENABLE_MODULES = YES;
				CLANG_ENABLE_OBJC_ARC = YES;
				CLANG_WARN_BOOL_CONVERSION = YES;
				CLANG_WARN_CONSTANT_CONVERSION = YES;
				CLANG_WARN_DIRECT_OBJC_ISA_USAGE = YES_ERROR;
				CLANG_WARN_EMPTY_BODY = YES;
				CLANG_WARN_ENUM_CONVERSION = YES;
				CLANG_WARN_INT_CONVERSION = YES;
				CLANG_WARN_OBJC_ROOT_CLASS = YES_ERROR;
				CLANG_WARN_UNREACHABLE_CODE = YES;
				CLANG_WARN__DUPLICATE_METHOD_MATCH = YES;
				"CODE_SIGN_IDENTITY[sdk=iphoneos*]" = "iPhone Developer";
				COPY_PHASE_STRIP = NO;
				DEBUG_INFORMATION_FORMAT = dwarf;
				ENABLE_STRICT_OBJC_MSGSEND = YES;
				ENABLE_TESTABILITY = YES;
				GCC_C_LANGUAGE_STANDARD = gnu99;
				GCC_DYNAMIC_NO_PIC = NO;
				GCC_NO_COMMON_BLOCKS = YES;
				GCC_OPTIMIZATION_LEVEL = 0;
				GCC_PREPROCESSOR_DEFINITIONS = (
					"DEBUG=1",
					"$(inherited)",
				);
				GCC_WARN_64_TO_32_BIT_CONVERSION = YES;
				GCC_WARN_ABOUT_RETURN_TYPE = YES_ERROR;
				GCC_WARN_UNDECLARED_SELECTOR = YES;
				GCC_WARN_UNINITIALIZED_AUTOS = YES_AGGRESSIVE;
				GCC_WARN_UNUSED_FUNCTION = YES;
				GCC_WARN_UNUSED_VARIABLE = YES;
				IPHONEOS_DEPLOYMENT_TARGET = 9.1;
				MTL_ENABLE_DEBUG_INFO = YES;
				ONLY_ACTIVE_ARCH = YES;
				SDKROOT = iphoneos;
				SWIFT_OPTIMIZATION_LEVEL = "-Onone";
			};
			name = Debug;
		};
		7BD15B9E1C1156C100462012 /* Release */ = {
			isa = XCBuildConfiguration;
			buildSettings = {
				ALWAYS_SEARCH_USER_PATHS = NO;
				CLANG_CXX_LANGUAGE_STANDARD = "gnu++0x";
				CLANG_CXX_LIBRARY = "libc++";
				CLANG_ENABLE_MODULES = YES;
				CLANG_ENABLE_OBJC_ARC = YES;
				CLANG_WARN_BOOL_CONVERSION = YES;
				CLANG_WARN_CONSTANT_CONVERSION = YES;
				CLANG_WARN_DIRECT_OBJC_ISA_USAGE = YES_ERROR;
				CLANG_WARN_EMPTY_BODY = YES;
				CLANG_WARN_ENUM_CONVERSION = YES;
				CLANG_WARN_INT_CONVERSION = YES;
				CLANG_WARN_OBJC_ROOT_CLASS = YES_ERROR;
				CLANG_WARN_UNREACHABLE_CODE = YES;
				CLANG_WARN__DUPLICATE_METHOD_MATCH = YES;
				"CODE_SIGN_IDENTITY[sdk=iphoneos*]" = "iPhone Developer";
				COPY_PHASE_STRIP = NO;
				DEBUG_INFORMATION_FORMAT = "dwarf-with-dsym";
				ENABLE_NS_ASSERTIONS = NO;
				ENABLE_STRICT_OBJC_MSGSEND = YES;
				GCC_C_LANGUAGE_STANDARD = gnu99;
				GCC_NO_COMMON_BLOCKS = YES;
				GCC_WARN_64_TO_32_BIT_CONVERSION = YES;
				GCC_WARN_ABOUT_RETURN_TYPE = YES_ERROR;
				GCC_WARN_UNDECLARED_SELECTOR = YES;
				GCC_WARN_UNINITIALIZED_AUTOS = YES_AGGRESSIVE;
				GCC_WARN_UNUSED_FUNCTION = YES;
				GCC_WARN_UNUSED_VARIABLE = YES;
				IPHONEOS_DEPLOYMENT_TARGET = 9.1;
				MTL_ENABLE_DEBUG_INFO = NO;
				SDKROOT = iphoneos;
				VALIDATE_PRODUCT = YES;
			};
			name = Release;
		};
		7BD15BA01C1156C100462012 /* Debug */ = {
			isa = XCBuildConfiguration;
			buildSettings = {
				ASSETCATALOG_COMPILER_APPICON_NAME = AppIcon;
				INFOPLIST_FILE = WRSliderMemuDemo/Info.plist;
				LD_RUNPATH_SEARCH_PATHS = "$(inherited) @executable_path/Frameworks";
				PRODUCT_BUNDLE_IDENTIFIER = com.wbg.WRSliderMemuDemo;
				PRODUCT_NAME = "$(TARGET_NAME)";
			};
			name = Debug;
		};
		7BD15BA11C1156C100462012 /* Release */ = {
			isa = XCBuildConfiguration;
			buildSettings = {
				ASSETCATALOG_COMPILER_APPICON_NAME = AppIcon;
				INFOPLIST_FILE = WRSliderMemuDemo/Info.plist;
				LD_RUNPATH_SEARCH_PATHS = "$(inherited) @executable_path/Frameworks";
				PRODUCT_BUNDLE_IDENTIFIER = com.wbg.WRSliderMemuDemo;
				PRODUCT_NAME = "$(TARGET_NAME)";
			};
			name = Release;
		};
		7BD15BA31C1156C100462012 /* Debug */ = {
			isa = XCBuildConfiguration;
			buildSettings = {
				BUNDLE_LOADER = "$(TEST_HOST)";
				INFOPLIST_FILE = WRSliderMemuDemoTests/Info.plist;
				LD_RUNPATH_SEARCH_PATHS = "$(inherited) @executable_path/Frameworks @loader_path/Frameworks";
				PRODUCT_BUNDLE_IDENTIFIER = com.wbg.WRSliderMemuDemoTests;
				PRODUCT_NAME = "$(TARGET_NAME)";
				TEST_HOST = "$(BUILT_PRODUCTS_DIR)/WRSliderMemuDemo.app/WRSliderMemuDemo";
			};
			name = Debug;
		};
		7BD15BA41C1156C100462012 /* Release */ = {
			isa = XCBuildConfiguration;
			buildSettings = {
				BUNDLE_LOADER = "$(TEST_HOST)";
				INFOPLIST_FILE = WRSliderMemuDemoTests/Info.plist;
				LD_RUNPATH_SEARCH_PATHS = "$(inherited) @executable_path/Frameworks @loader_path/Frameworks";
				PRODUCT_BUNDLE_IDENTIFIER = com.wbg.WRSliderMemuDemoTests;
				PRODUCT_NAME = "$(TARGET_NAME)";
				TEST_HOST = "$(BUILT_PRODUCTS_DIR)/WRSliderMemuDemo.app/WRSliderMemuDemo";
			};
			name = Release;
		};
		7BD15BA61C1156C100462012 /* Debug */ = {
			isa = XCBuildConfiguration;
			buildSettings = {
				INFOPLIST_FILE = WRSliderMemuDemoUITests/Info.plist;
				LD_RUNPATH_SEARCH_PATHS = "$(inherited) @executable_path/Frameworks @loader_path/Frameworks";
				PRODUCT_BUNDLE_IDENTIFIER = com.wbg.WRSliderMemuDemoUITests;
				PRODUCT_NAME = "$(TARGET_NAME)";
				TEST_TARGET_NAME = WRSliderMemuDemo;
				USES_XCTRUNNER = YES;
			};
			name = Debug;
		};
		7BD15BA71C1156C100462012 /* Release */ = {
			isa = XCBuildConfiguration;
			buildSettings = {
				INFOPLIST_FILE = WRSliderMemuDemoUITests/Info.plist;
				LD_RUNPATH_SEARCH_PATHS = "$(inherited) @executable_path/Frameworks @loader_path/Frameworks";
				PRODUCT_BUNDLE_IDENTIFIER = com.wbg.WRSliderMemuDemoUITests;
				PRODUCT_NAME = "$(TARGET_NAME)";
				TEST_TARGET_NAME = WRSliderMemuDemo;
				USES_XCTRUNNER = YES;
			};
			name = Release;
		};
/* End XCBuildConfiguration section */

/* Begin XCConfigurationList section */
		7BD15B721C1156C000462012 /* Build configuration list for PBXProject "WRSliderMemuDemo" */ = {
			isa = XCConfigurationList;
			buildConfigurations = (
				7BD15B9D1C1156C100462012 /* Debug */,
				7BD15B9E1C1156C100462012 /* Release */,
			);
			defaultConfigurationIsVisible = 0;
			defaultConfigurationName = Release;
		};
		7BD15B9F1C1156C100462012 /* Build configuration list for PBXNativeTarget "WRSliderMemuDemo" */ = {
			isa = XCConfigurationList;
			buildConfigurations = (
				7BD15BA01C1156C100462012 /* Debug */,
				7BD15BA11C1156C100462012 /* Release */,
			);
			defaultConfigurationIsVisible = 0;
		};
		7BD15BA21C1156C100462012 /* Build configuration list for PBXNativeTarget "WRSliderMemuDemoTests" */ = {
			isa = XCConfigurationList;
			buildConfigurations = (
				7BD15BA31C1156C100462012 /* Debug */,
				7BD15BA41C1156C100462012 /* Release */,
			);
			defaultConfigurationIsVisible = 0;
		};
		7BD15BA51C1156C100462012 /* Build configuration list for PBXNativeTarget "WRSliderMemuDemoUITests" */ = {
			isa = XCConfigurationList;
			buildConfigurations = (
				7BD15BA61C1156C100462012 /* Debug */,
				7BD15BA71C1156C100462012 /* Release */,
			);
			defaultConfigurationIsVisible = 0;
		};
/* End XCConfigurationList section */
	};
	rootObject = 7BD15B6F1C1156C000462012 /* Project object */;
}
